{
  "name": "jay-web",
  "version": "1.0.0",
  "lockfileVersion": 2,
  "requires": true,
  "packages": {
    "": {
      "name": "jay-web",
      "version": "1.0.0",
      "license": "ISC",
      "dependencies": {
        "create-next-app": "^13.4.4"
      }
    },
    "node_modules/create-next-app": {
      "version": "13.4.4",
      "resolved": "https://registry.npmjs.org/create-next-app/-/create-next-app-13.4.4.tgz",
      "integrity": "sha512-jRAR62cFctRXxuRjhURGFxUMv/qcW1rSgshrurn6/5AWxOFGzLeaCsNhuwQWLbT5T0mCecR5LMUVH9QduW33Qw==",
      "bin": {
        "create-next-app": "dist/index.js"
      },
      "engines": {
        "node": ">=16.8.0"
      }
    }
  },
  "dependencies": {
    "create-next-app": {
      "version": "13.4.4",
      "resolved": "https://registry.npmjs.org/create-next-app/-/create-next-app-13.4.4.tgz",
      "integrity": "sha512-jRAR62cFctRXxuRjhURGFxUMv/qcW1rSgshrurn6/5AWxOFGzLeaCsNhuwQWLbT5T0mCecR5LMUVH9QduW33Qw=="
    }
  }
}
